// !$*UTF8*$!
{
	archiveVersion = 1;
	classes = {
	};
	objectVersion = 56;
	objects = {

/* Begin PBXBuildFile section */
		9728D37A2B54F83300D44633 /* EnjoyMessagerApp.swift in Sources */ = {isa = PBXBuildFile; fileRef = 9728D3792B54F83300D44633 /* EnjoyMessagerApp.swift */; };
		9728D37C2B54F83300D44633 /* LoginView.swift in Sources */ = {isa = PBXBuildFile; fileRef = 9728D37B2B54F83300D44633 /* LoginView.swift */; };
		9728D37E2B54F83700D44633 /* Assets.xcassets in Resources */ = {isa = PBXBuildFile; fileRef = 9728D37D2B54F83700D44633 /* Assets.xcassets */; };
		9728D3812B54F83700D44633 /* Preview Assets.xcassets in Resources */ = {isa = PBXBuildFile; fileRef = 9728D3802B54F83700D44633 /* Preview Assets.xcassets */; };
		9728D38A2B54FD9D00D44633 /* SignupView.swift in Sources */ = {isa = PBXBuildFile; fileRef = 9728D3892B54FD9D00D44633 /* SignupView.swift */; };
		9743F4012B58A980004C28DE /* RoomAddView.swift in Sources */ = {isa = PBXBuildFile; fileRef = 9743F4002B58A980004C28DE /* RoomAddView.swift */; };
		9743F4052B58AF8F004C28DE /* RoomAddModel.swift in Sources */ = {isa = PBXBuildFile; fileRef = 9743F4042B58AF8F004C28DE /* RoomAddModel.swift */; };
		97D13BEE2B56630A00D4A376 /* LoadingView.swift in Sources */ = {isa = PBXBuildFile; fileRef = 97D13BED2B56630A00D4A376 /* LoadingView.swift */; };
		97D13BF12B56A06400D4A376 /* EnjoyMessagerIDAddFriendView.swift in Sources */ = {isa = PBXBuildFile; fileRef = 97D13BF02B56A06400D4A376 /* EnjoyMessagerIDAddFriendView.swift */; };
		97D13BF52B56B42700D4A376 /* SearchFriendModel.swift in Sources */ = {isa = PBXBuildFile; fileRef = 97D13BF42B56B42700D4A376 /* SearchFriendModel.swift */; };
		97D13BF92B57A15500D4A376 /* SendMessageModel.swift in Sources */ = {isa = PBXBuildFile; fileRef = 97D13BF82B57A15500D4A376 /* SendMessageModel.swift */; };
		97E15B2C2B5506F70077E4BC /* GoogleService-Info.plist in Resources */ = {isa = PBXBuildFile; fileRef = 97E15B2B2B5506F70077E4BC /* GoogleService-Info.plist */; };
		97E15B2F2B5507720077E4BC /* FirebaseAnalytics in Frameworks */ = {isa = PBXBuildFile; productRef = 97E15B2E2B5507720077E4BC /* FirebaseAnalytics */; };
		97E15B312B5507720077E4BC /* FirebaseAnalyticsOnDeviceConversion in Frameworks */ = {isa = PBXBuildFile; productRef = 97E15B302B5507720077E4BC /* FirebaseAnalyticsOnDeviceConversion */; };
		97E15B332B5507720077E4BC /* FirebaseAnalyticsSwift in Frameworks */ = {isa = PBXBuildFile; productRef = 97E15B322B5507720077E4BC /* FirebaseAnalyticsSwift */; };
		97E15B352B5507720077E4BC /* FirebaseAnalyticsWithoutAdIdSupport in Frameworks */ = {isa = PBXBuildFile; productRef = 97E15B342B5507720077E4BC /* FirebaseAnalyticsWithoutAdIdSupport */; };
		97E15B372B5507720077E4BC /* FirebaseAppCheck in Frameworks */ = {isa = PBXBuildFile; productRef = 97E15B362B5507720077E4BC /* FirebaseAppCheck */; };
		97E15B392B5509190077E4BC /* ContentView.swift in Sources */ = {isa = PBXBuildFile; fileRef = 97E15B382B5509190077E4BC /* ContentView.swift */; };
		97E15B3B2B550D830077E4BC /* AddFriendView.swift in Sources */ = {isa = PBXBuildFile; fileRef = 97E15B3A2B550D830077E4BC /* AddFriendView.swift */; };
		97E15B3D2B5542DB0077E4BC /* FirebaseAnalytics in Frameworks */ = {isa = PBXBuildFile; productRef = 97E15B3C2B5542DB0077E4BC /* FirebaseAnalytics */; };
		97E15B3F2B5542DB0077E4BC /* FirebaseAnalyticsOnDeviceConversion in Frameworks */ = {isa = PBXBuildFile; productRef = 97E15B3E2B5542DB0077E4BC /* FirebaseAnalyticsOnDeviceConversion */; };
		97E15B412B5542DB0077E4BC /* FirebaseAnalyticsSwift in Frameworks */ = {isa = PBXBuildFile; productRef = 97E15B402B5542DB0077E4BC /* FirebaseAnalyticsSwift */; };
		97E15B432B5542DB0077E4BC /* FirebaseAnalyticsWithoutAdIdSupport in Frameworks */ = {isa = PBXBuildFile; productRef = 97E15B422B5542DB0077E4BC /* FirebaseAnalyticsWithoutAdIdSupport */; };
		97E15B452B5542DB0077E4BC /* FirebaseAppCheck in Frameworks */ = {isa = PBXBuildFile; productRef = 97E15B442B5542DB0077E4BC /* FirebaseAppCheck */; };
		97E15B472B5542DB0077E4BC /* FirebaseAppDistribution-Beta in Frameworks */ = {isa = PBXBuildFile; productRef = 97E15B462B5542DB0077E4BC /* FirebaseAppDistribution-Beta */; };
		97E15B492B5542DB0077E4BC /* FirebaseAuth in Frameworks */ = {isa = PBXBuildFile; productRef = 97E15B482B5542DB0077E4BC /* FirebaseAuth */; };
		97E15B4B2B5542DB0077E4BC /* FirebaseAuthCombine-Community in Frameworks */ = {isa = PBXBuildFile; productRef = 97E15B4A2B5542DB0077E4BC /* FirebaseAuthCombine-Community */; };
		97E15B4D2B5542DB0077E4BC /* FirebaseCrashlytics in Frameworks */ = {isa = PBXBuildFile; productRef = 97E15B4C2B5542DB0077E4BC /* FirebaseCrashlytics */; };
		97E15B4F2B5542DC0077E4BC /* FirebaseDatabase in Frameworks */ = {isa = PBXBuildFile; productRef = 97E15B4E2B5542DC0077E4BC /* FirebaseDatabase */; };
		97E15B512B5542DC0077E4BC /* FirebaseDatabaseSwift in Frameworks */ = {isa = PBXBuildFile; productRef = 97E15B502B5542DC0077E4BC /* FirebaseDatabaseSwift */; };
		97E15B532B5542DC0077E4BC /* FirebaseDynamicLinks in Frameworks */ = {isa = PBXBuildFile; productRef = 97E15B522B5542DC0077E4BC /* FirebaseDynamicLinks */; };
		97E15B552B5542DC0077E4BC /* FirebaseFirestore in Frameworks */ = {isa = PBXBuildFile; productRef = 97E15B542B5542DC0077E4BC /* FirebaseFirestore */; };
		97E15B572B5542DC0077E4BC /* FirebaseFirestoreCombine-Community in Frameworks */ = {isa = PBXBuildFile; productRef = 97E15B562B5542DC0077E4BC /* FirebaseFirestoreCombine-Community */; };
		97E15B592B5542DC0077E4BC /* FirebaseFirestoreSwift in Frameworks */ = {isa = PBXBuildFile; productRef = 97E15B582B5542DC0077E4BC /* FirebaseFirestoreSwift */; };
		97E15B5B2B5542DC0077E4BC /* FirebaseFunctions in Frameworks */ = {isa = PBXBuildFile; productRef = 97E15B5A2B5542DC0077E4BC /* FirebaseFunctions */; };
		97E15B5D2B5542DC0077E4BC /* FirebaseFunctionsCombine-Community in Frameworks */ = {isa = PBXBuildFile; productRef = 97E15B5C2B5542DC0077E4BC /* FirebaseFunctionsCombine-Community */; };
		97E15B5F2B5542DC0077E4BC /* FirebaseInAppMessaging-Beta in Frameworks */ = {isa = PBXBuildFile; productRef = 97E15B5E2B5542DC0077E4BC /* FirebaseInAppMessaging-Beta */; };
		97E15B612B5542DC0077E4BC /* FirebaseInAppMessagingSwift-Beta in Frameworks */ = {isa = PBXBuildFile; productRef = 97E15B602B5542DC0077E4BC /* FirebaseInAppMessagingSwift-Beta */; };
		97E15B632B5542DC0077E4BC /* FirebaseInstallations in Frameworks */ = {isa = PBXBuildFile; productRef = 97E15B622B5542DC0077E4BC /* FirebaseInstallations */; };
		97E15B652B5542DC0077E4BC /* FirebaseMLModelDownloader in Frameworks */ = {isa = PBXBuildFile; productRef = 97E15B642B5542DC0077E4BC /* FirebaseMLModelDownloader */; };
		97E15B672B5542DC0077E4BC /* FirebaseMessaging in Frameworks */ = {isa = PBXBuildFile; productRef = 97E15B662B5542DC0077E4BC /* FirebaseMessaging */; };
		97E15B692B5542DC0077E4BC /* FirebasePerformance in Frameworks */ = {isa = PBXBuildFile; productRef = 97E15B682B5542DC0077E4BC /* FirebasePerformance */; };
		97E15B6B2B5542DC0077E4BC /* FirebaseRemoteConfig in Frameworks */ = {isa = PBXBuildFile; productRef = 97E15B6A2B5542DC0077E4BC /* FirebaseRemoteConfig */; };
		97E15B6D2B5542DC0077E4BC /* FirebaseRemoteConfigSwift in Frameworks */ = {isa = PBXBuildFile; productRef = 97E15B6C2B5542DC0077E4BC /* FirebaseRemoteConfigSwift */; };
		97E15B6F2B5542DC0077E4BC /* FirebaseStorage in Frameworks */ = {isa = PBXBuildFile; productRef = 97E15B6E2B5542DC0077E4BC /* FirebaseStorage */; };
		97E15B712B5542DC0077E4BC /* FirebaseStorageCombine-Community in Frameworks */ = {isa = PBXBuildFile; productRef = 97E15B702B5542DC0077E4BC /* FirebaseStorageCombine-Community */; };
		97E15B732B5564F90077E4BC /* MessageView.swift in Sources */ = {isa = PBXBuildFile; fileRef = 97E15B722B5564F90077E4BC /* MessageView.swift */; };
		97E15B752B5565250077E4BC /* AccountCreateModel.swift in Sources */ = {isa = PBXBuildFile; fileRef = 97E15B742B5565250077E4BC /* AccountCreateModel.swift */; };
/* End PBXBuildFile section */

/* Begin PBXFileReference section */
		9728D3762B54F83300D44633 /* EnjoyMessager.app */ = {isa = PBXFileReference; explicitFileType = wrapper.application; includeInIndex = 0; path = EnjoyMessager.app; sourceTree = BUILT_PRODUCTS_DIR; };
		9728D3792B54F83300D44633 /* EnjoyMessagerApp.swift */ = {isa = PBXFileReference; lastKnownFileType = sourcecode.swift; path = EnjoyMessagerApp.swift; sourceTree = "<group>"; };
		9728D37B2B54F83300D44633 /* LoginView.swift */ = {isa = PBXFileReference; lastKnownFileType = sourcecode.swift; path = LoginView.swift; sourceTree = "<group>"; };
		9728D37D2B54F83700D44633 /* Assets.xcassets */ = {isa = PBXFileReference; lastKnownFileType = folder.assetcatalog; path = Assets.xcassets; sourceTree = "<group>"; };
		9728D3802B54F83700D44633 /* Preview Assets.xcassets */ = {isa = PBXFileReference; lastKnownFileType = folder.assetcatalog; path = "Preview Assets.xcassets"; sourceTree = "<group>"; };
		9728D3892B54FD9D00D44633 /* SignupView.swift */ = {isa = PBXFileReference; lastKnownFileType = sourcecode.swift; path = SignupView.swift; sourceTree = "<group>"; };
		9743F4002B58A980004C28DE /* RoomAddView.swift */ = {isa = PBXFileReference; lastKnownFileType = sourcecode.swift; path = RoomAddView.swift; sourceTree = "<group>"; };
		9743F4042B58AF8F004C28DE /* RoomAddModel.swift */ = {isa = PBXFileReference; lastKnownFileType = sourcecode.swift; path = RoomAddModel.swift; sourceTree = "<group>"; };
		97D13BED2B56630A00D4A376 /* LoadingView.swift */ = {isa = PBXFileReference; lastKnownFileType = sourcecode.swift; path = LoadingView.swift; sourceTree = "<group>"; };
		97D13BF02B56A06400D4A376 /* EnjoyMessagerIDAddFriendView.swift */ = {isa = PBXFileReference; lastKnownFileType = sourcecode.swift; path = EnjoyMessagerIDAddFriendView.swift; sourceTree = "<group>"; };
		97D13BF42B56B42700D4A376 /* SearchFriendModel.swift */ = {isa = PBXFileReference; lastKnownFileType = sourcecode.swift; path = SearchFriendModel.swift; sourceTree = "<group>"; };
		97D13BF82B57A15500D4A376 /* SendMessageModel.swift */ = {isa = PBXFileReference; lastKnownFileType = sourcecode.swift; path = SendMessageModel.swift; sourceTree = "<group>"; };
		97E15B2B2B5506F70077E4BC /* GoogleService-Info.plist */ = {isa = PBXFileReference; fileEncoding = 4; lastKnownFileType = text.plist.xml; path = "GoogleService-Info.plist"; sourceTree = "<group>"; };
		97E15B382B5509190077E4BC /* ContentView.swift */ = {isa = PBXFileReference; lastKnownFileType = sourcecode.swift; path = ContentView.swift; sourceTree = "<group>"; };
		97E15B3A2B550D830077E4BC /* AddFriendView.swift */ = {isa = PBXFileReference; lastKnownFileType = sourcecode.swift; path = AddFriendView.swift; sourceTree = "<group>"; };
		97E15B722B5564F90077E4BC /* MessageView.swift */ = {isa = PBXFileReference; lastKnownFileType = sourcecode.swift; path = MessageView.swift; sourceTree = "<group>"; };
		97E15B742B5565250077E4BC /* AccountCreateModel.swift */ = {isa = PBXFileReference; lastKnownFileType = sourcecode.swift; path = AccountCreateModel.swift; sourceTree = "<group>"; };
/* End PBXFileReference section */

/* Begin PBXFrameworksBuildPhase section */
		9728D3732B54F83300D44633 /* Frameworks */ = {
			isa = PBXFrameworksBuildPhase;
			buildActionMask = 2147483647;
			files = (
				97E15B672B5542DC0077E4BC /* FirebaseMessaging in Frameworks */,
				97E15B572B5542DC0077E4BC /* FirebaseFirestoreCombine-Community in Frameworks */,
				97E15B4F2B5542DC0077E4BC /* FirebaseDatabase in Frameworks */,
				97E15B332B5507720077E4BC /* FirebaseAnalyticsSwift in Frameworks */,
				97E15B6F2B5542DC0077E4BC /* FirebaseStorage in Frameworks */,
				97E15B2F2B5507720077E4BC /* FirebaseAnalytics in Frameworks */,
				97E15B3D2B5542DB0077E4BC /* FirebaseAnalytics in Frameworks */,
				97E15B4D2B5542DB0077E4BC /* FirebaseCrashlytics in Frameworks */,
				97E15B552B5542DC0077E4BC /* FirebaseFirestore in Frameworks */,
				97E15B532B5542DC0077E4BC /* FirebaseDynamicLinks in Frameworks */,
				97E15B712B5542DC0077E4BC /* FirebaseStorageCombine-Community in Frameworks */,
				97E15B3F2B5542DB0077E4BC /* FirebaseAnalyticsOnDeviceConversion in Frameworks */,
				97E15B5D2B5542DC0077E4BC /* FirebaseFunctionsCombine-Community in Frameworks */,
				97E15B612B5542DC0077E4BC /* FirebaseInAppMessagingSwift-Beta in Frameworks */,
				97E15B652B5542DC0077E4BC /* FirebaseMLModelDownloader in Frameworks */,
				97E15B5F2B5542DC0077E4BC /* FirebaseInAppMessaging-Beta in Frameworks */,
				97E15B692B5542DC0077E4BC /* FirebasePerformance in Frameworks */,
				97E15B4B2B5542DB0077E4BC /* FirebaseAuthCombine-Community in Frameworks */,
				97E15B412B5542DB0077E4BC /* FirebaseAnalyticsSwift in Frameworks */,
				97E15B512B5542DC0077E4BC /* FirebaseDatabaseSwift in Frameworks */,
				97E15B312B5507720077E4BC /* FirebaseAnalyticsOnDeviceConversion in Frameworks */,
				97E15B6B2B5542DC0077E4BC /* FirebaseRemoteConfig in Frameworks */,
				97E15B372B5507720077E4BC /* FirebaseAppCheck in Frameworks */,
				97E15B492B5542DB0077E4BC /* FirebaseAuth in Frameworks */,
				97E15B5B2B5542DC0077E4BC /* FirebaseFunctions in Frameworks */,
				97E15B632B5542DC0077E4BC /* FirebaseInstallations in Frameworks */,
				97E15B592B5542DC0077E4BC /* FirebaseFirestoreSwift in Frameworks */,
				97E15B432B5542DB0077E4BC /* FirebaseAnalyticsWithoutAdIdSupport in Frameworks */,
				97E15B452B5542DB0077E4BC /* FirebaseAppCheck in Frameworks */,
				97E15B6D2B5542DC0077E4BC /* FirebaseRemoteConfigSwift in Frameworks */,
				97E15B472B5542DB0077E4BC /* FirebaseAppDistribution-Beta in Frameworks */,
				97E15B352B5507720077E4BC /* FirebaseAnalyticsWithoutAdIdSupport in Frameworks */,
			);
			runOnlyForDeploymentPostprocessing = 0;
		};
/* End PBXFrameworksBuildPhase section */

/* Begin PBXGroup section */
		9728D36D2B54F83300D44633 = {
			isa = PBXGroup;
			children = (
				9728D3782B54F83300D44633 /* EnjoyMessager */,
				9728D3772B54F83300D44633 /* Products */,
			);
			sourceTree = "<group>";
		};
		9728D3772B54F83300D44633 /* Products */ = {
			isa = PBXGroup;
			children = (
				9728D3762B54F83300D44633 /* EnjoyMessager.app */,
			);
			name = Products;
			sourceTree = "<group>";
		};
		9728D3782B54F83300D44633 /* EnjoyMessager */ = {
			isa = PBXGroup;
			children = (
				9728D3792B54F83300D44633 /* EnjoyMessagerApp.swift */,
				9728D3882B54F8F300D44633 /* Model */,
				9728D3872B54F8D500D44633 /* View */,
				97E15B2B2B5506F70077E4BC /* GoogleService-Info.plist */,
				9728D37D2B54F83700D44633 /* Assets.xcassets */,
				9728D37F2B54F83700D44633 /* Preview Content */,
			);
			path = EnjoyMessager;
			sourceTree = "<group>";
		};
		9728D37F2B54F83700D44633 /* Preview Content */ = {
			isa = PBXGroup;
			children = (
				9728D3802B54F83700D44633 /* Preview Assets.xcassets */,
			);
			path = "Preview Content";
			sourceTree = "<group>";
		};
		9728D3872B54F8D500D44633 /* View */ = {
			isa = PBXGroup;
			children = (
				9728D37B2B54F83300D44633 /* LoginView.swift */,
				9728D3892B54FD9D00D44633 /* SignupView.swift */,
				97E15B382B5509190077E4BC /* ContentView.swift */,
				97D13BED2B56630A00D4A376 /* LoadingView.swift */,
				9743F4002B58A980004C28DE /* RoomAddView.swift */,
				97E15B722B5564F90077E4BC /* MessageView.swift */,
				97D13BEF2B56A02A00D4A376 /* AddFriend */,
			);
			path = View;
			sourceTree = "<group>";
		};
		9728D3882B54F8F300D44633 /* Model */ = {
			isa = PBXGroup;
			children = (
				97E15B742B5565250077E4BC /* AccountCreateModel.swift */,
				97D13BF42B56B42700D4A376 /* SearchFriendModel.swift */,
				97D13BF82B57A15500D4A376 /* SendMessageModel.swift */,
				9743F4042B58AF8F004C28DE /* RoomAddModel.swift */,
			);
			path = Model;
			sourceTree = "<group>";
		};
		97D13BEF2B56A02A00D4A376 /* AddFriend */ = {
			isa = PBXGroup;
			children = (
				97E15B3A2B550D830077E4BC /* AddFriendView.swift */,
				97D13BF02B56A06400D4A376 /* EnjoyMessagerIDAddFriendView.swift */,
			);
			path = AddFriend;
			sourceTree = "<group>";
		};
/* End PBXGroup section */

/* Begin PBXNativeTarget section */
		9728D3752B54F83300D44633 /* EnjoyMessager */ = {
			isa = PBXNativeTarget;
			buildConfigurationList = 9728D3842B54F83700D44633 /* Build configuration list for PBXNativeTarget "EnjoyMessager" */;
			buildPhases = (
				9728D3722B54F83300D44633 /* Sources */,
				9728D3732B54F83300D44633 /* Frameworks */,
				9728D3742B54F83300D44633 /* Resources */,
			);
			buildRules = (
			);
			dependencies = (
			);
			name = EnjoyMessager;
			packageProductDependencies = (
				97E15B2E2B5507720077E4BC /* FirebaseAnalytics */,
				97E15B302B5507720077E4BC /* FirebaseAnalyticsOnDeviceConversion */,
				97E15B322B5507720077E4BC /* FirebaseAnalyticsSwift */,
				97E15B342B5507720077E4BC /* FirebaseAnalyticsWithoutAdIdSupport */,
				97E15B362B5507720077E4BC /* FirebaseAppCheck */,
				97E15B3C2B5542DB0077E4BC /* FirebaseAnalytics */,
				97E15B3E2B5542DB0077E4BC /* FirebaseAnalyticsOnDeviceConversion */,
				97E15B402B5542DB0077E4BC /* FirebaseAnalyticsSwift */,
				97E15B422B5542DB0077E4BC /* FirebaseAnalyticsWithoutAdIdSupport */,
				97E15B442B5542DB0077E4BC /* FirebaseAppCheck */,
				97E15B462B5542DB0077E4BC /* FirebaseAppDistribution-Beta */,
				97E15B482B5542DB0077E4BC /* FirebaseAuth */,
				97E15B4A2B5542DB0077E4BC /* FirebaseAuthCombine-Community */,
				97E15B4C2B5542DB0077E4BC /* FirebaseCrashlytics */,
				97E15B4E2B5542DC0077E4BC /* FirebaseDatabase */,
				97E15B502B5542DC0077E4BC /* FirebaseDatabaseSwift */,
				97E15B522B5542DC0077E4BC /* FirebaseDynamicLinks */,
				97E15B542B5542DC0077E4BC /* FirebaseFirestore */,
				97E15B562B5542DC0077E4BC /* FirebaseFirestoreCombine-Community */,
				97E15B582B5542DC0077E4BC /* FirebaseFirestoreSwift */,
				97E15B5A2B5542DC0077E4BC /* FirebaseFunctions */,
				97E15B5C2B5542DC0077E4BC /* FirebaseFunctionsCombine-Community */,
				97E15B5E2B5542DC0077E4BC /* FirebaseInAppMessaging-Beta */,
				97E15B602B5542DC0077E4BC /* FirebaseInAppMessagingSwift-Beta */,
				97E15B622B5542DC0077E4BC /* FirebaseInstallations */,
				97E15B642B5542DC0077E4BC /* FirebaseMLModelDownloader */,
				97E15B662B5542DC0077E4BC /* FirebaseMessaging */,
				97E15B682B5542DC0077E4BC /* FirebasePerformance */,
				97E15B6A2B5542DC0077E4BC /* FirebaseRemoteConfig */,
				97E15B6C2B5542DC0077E4BC /* FirebaseRemoteConfigSwift */,
				97E15B6E2B5542DC0077E4BC /* FirebaseStorage */,
				97E15B702B5542DC0077E4BC /* FirebaseStorageCombine-Community */,
			);
			productName = InteractiveMessager;
			productReference = 9728D3762B54F83300D44633 /* EnjoyMessager.app */;
			productType = "com.apple.product-type.application";
		};
/* End PBXNativeTarget section */

/* Begin PBXProject section */
		9728D36E2B54F83300D44633 /* Project object */ = {
			isa = PBXProject;
			attributes = {
				BuildIndependentTargetsInParallel = 1;
				LastSwiftUpdateCheck = 1510;
				LastUpgradeCheck = 1510;
				TargetAttributes = {
					9728D3752B54F83300D44633 = {
						CreatedOnToolsVersion = 15.1;
					};
				};
			};
			buildConfigurationList = 9728D3712B54F83300D44633 /* Build configuration list for PBXProject "EnjoyMessager" */;
			compatibilityVersion = "Xcode 14.0";
			developmentRegion = en;
			hasScannedForEncodings = 0;
			knownRegions = (
				en,
				Base,
			);
			mainGroup = 9728D36D2B54F83300D44633;
			packageReferences = (
				97E15B2D2B5507720077E4BC /* XCRemoteSwiftPackageReference "firebase-ios-sdk" */,
			);
			productRefGroup = 9728D3772B54F83300D44633 /* Products */;
			projectDirPath = "";
			projectRoot = "";
			targets = (
				9728D3752B54F83300D44633 /* EnjoyMessager */,
			);
		};
/* End PBXProject section */

/* Begin PBXResourcesBuildPhase section */
		9728D3742B54F83300D44633 /* Resources */ = {
			isa = PBXResourcesBuildPhase;
			buildActionMask = 2147483647;
			files = (
				9728D3812B54F83700D44633 /* Preview Assets.xcassets in Resources */,
				9728D37E2B54F83700D44633 /* Assets.xcassets in Resources */,
				97E15B2C2B5506F70077E4BC /* GoogleService-Info.plist in Resources */,
			);
			runOnlyForDeploymentPostprocessing = 0;
		};
/* End PBXResourcesBuildPhase section */

/* Begin PBXSourcesBuildPhase section */
		9728D3722B54F83300D44633 /* Sources */ = {
			isa = PBXSourcesBuildPhase;
			buildActionMask = 2147483647;
			files = (
				97D13BF12B56A06400D4A376 /* EnjoyMessagerIDAddFriendView.swift in Sources */,
				97D13BF52B56B42700D4A376 /* SearchFriendModel.swift in Sources */,
				9728D38A2B54FD9D00D44633 /* SignupView.swift in Sources */,
				9728D37C2B54F83300D44633 /* LoginView.swift in Sources */,
				97D13BF92B57A15500D4A376 /* SendMessageModel.swift in Sources */,
				9743F4012B58A980004C28DE /* RoomAddView.swift in Sources */,
				97E15B392B5509190077E4BC /* ContentView.swift in Sources */,
				97E15B3B2B550D830077E4BC /* AddFriendView.swift in Sources */,
				97E15B732B5564F90077E4BC /* MessageView.swift in Sources */,
				97D13BEE2B56630A00D4A376 /* LoadingView.swift in Sources */,
				97E15B752B5565250077E4BC /* AccountCreateModel.swift in Sources */,
				9728D37A2B54F83300D44633 /* EnjoyMessagerApp.swift in Sources */,
				9743F4052B58AF8F004C28DE /* RoomAddModel.swift in Sources */,
			);
			runOnlyForDeploymentPostprocessing = 0;
		};
/* End PBXSourcesBuildPhase section */

/* Begin XCBuildConfiguration section */
		9728D3822B54F83700D44633 /* Debug */ = {
			isa = XCBuildConfiguration;
			buildSettings = {
				ALWAYS_SEARCH_USER_PATHS = NO;
				ASSETCATALOG_COMPILER_GENERATE_SWIFT_ASSET_SYMBOL_EXTENSIONS = YES;
				CLANG_ANALYZER_NONNULL = YES;
				CLANG_ANALYZER_NUMBER_OBJECT_CONVERSION = YES_AGGRESSIVE;
				CLANG_CXX_LANGUAGE_STANDARD = "gnu++20";
				CLANG_ENABLE_MODULES = YES;
				CLANG_ENABLE_OBJC_ARC = YES;
				CLANG_ENABLE_OBJC_WEAK = YES;
				CLANG_WARN_BLOCK_CAPTURE_AUTORELEASING = YES;
				CLANG_WARN_BOOL_CONVERSION = YES;
				CLANG_WARN_COMMA = YES;
				CLANG_WARN_CONSTANT_CONVERSION = YES;
				CLANG_WARN_DEPRECATED_OBJC_IMPLEMENTATIONS = YES;
				CLANG_WARN_DIRECT_OBJC_ISA_USAGE = YES_ERROR;
				CLANG_WARN_DOCUMENTATION_COMMENTS = YES;
				CLANG_WARN_EMPTY_BODY = YES;
				CLANG_WARN_ENUM_CONVERSION = YES;
				CLANG_WARN_INFINITE_RECURSION = YES;
				CLANG_WARN_INT_CONVERSION = YES;
				CLANG_WARN_NON_LITERAL_NULL_CONVERSION = YES;
				CLANG_WARN_OBJC_IMPLICIT_RETAIN_SELF = YES;
				CLANG_WARN_OBJC_LITERAL_CONVERSION = YES;
				CLANG_WARN_OBJC_ROOT_CLASS = YES_ERROR;
				CLANG_WARN_QUOTED_INCLUDE_IN_FRAMEWORK_HEADER = YES;
				CLANG_WARN_RANGE_LOOP_ANALYSIS = YES;
				CLANG_WARN_STRICT_PROTOTYPES = YES;
				CLANG_WARN_SUSPICIOUS_MOVE = YES;
				CLANG_WARN_UNGUARDED_AVAILABILITY = YES_AGGRESSIVE;
				CLANG_WARN_UNREACHABLE_CODE = YES;
				CLANG_WARN__DUPLICATE_METHOD_MATCH = YES;
				COPY_PHASE_STRIP = NO;
				DEBUG_INFORMATION_FORMAT = dwarf;
				ENABLE_STRICT_OBJC_MSGSEND = YES;
				ENABLE_TESTABILITY = YES;
				ENABLE_USER_SCRIPT_SANDBOXING = YES;
				GCC_C_LANGUAGE_STANDARD = gnu17;
				GCC_DYNAMIC_NO_PIC = NO;
				GCC_NO_COMMON_BLOCKS = YES;
				GCC_OPTIMIZATION_LEVEL = 0;
				GCC_PREPROCESSOR_DEFINITIONS = (
					"DEBUG=1",
					"$(inherited)",
				);
				GCC_WARN_64_TO_32_BIT_CONVERSION = YES;
				GCC_WARN_ABOUT_RETURN_TYPE = YES_ERROR;
				GCC_WARN_UNDECLARED_SELECTOR = YES;
				GCC_WARN_UNINITIALIZED_AUTOS = YES_AGGRESSIVE;
				GCC_WARN_UNUSED_FUNCTION = YES;
				GCC_WARN_UNUSED_VARIABLE = YES;
				IPHONEOS_DEPLOYMENT_TARGET = 17.2;
				LOCALIZATION_PREFERS_STRING_CATALOGS = YES;
				MTL_ENABLE_DEBUG_INFO = INCLUDE_SOURCE;
				MTL_FAST_MATH = YES;
				ONLY_ACTIVE_ARCH = YES;
				SDKROOT = iphoneos;
				SWIFT_ACTIVE_COMPILATION_CONDITIONS = "DEBUG $(inherited)";
				SWIFT_OPTIMIZATION_LEVEL = "-Onone";
			};
			name = Debug;
		};
		9728D3832B54F83700D44633 /* Release */ = {
			isa = XCBuildConfiguration;
			buildSettings = {
				ALWAYS_SEARCH_USER_PATHS = NO;
				ASSETCATALOG_COMPILER_GENERATE_SWIFT_ASSET_SYMBOL_EXTENSIONS = YES;
				CLANG_ANALYZER_NONNULL = YES;
				CLANG_ANALYZER_NUMBER_OBJECT_CONVERSION = YES_AGGRESSIVE;
				CLANG_CXX_LANGUAGE_STANDARD = "gnu++20";
				CLANG_ENABLE_MODULES = YES;
				CLANG_ENABLE_OBJC_ARC = YES;
				CLANG_ENABLE_OBJC_WEAK = YES;
				CLANG_WARN_BLOCK_CAPTURE_AUTORELEASING = YES;
				CLANG_WARN_BOOL_CONVERSION = YES;
				CLANG_WARN_COMMA = YES;
				CLANG_WARN_CONSTANT_CONVERSION = YES;
				CLANG_WARN_DEPRECATED_OBJC_IMPLEMENTATIONS = YES;
				CLANG_WARN_DIRECT_OBJC_ISA_USAGE = YES_ERROR;
				CLANG_WARN_DOCUMENTATION_COMMENTS = YES;
				CLANG_WARN_EMPTY_BODY = YES;
				CLANG_WARN_ENUM_CONVERSION = YES;
				CLANG_WARN_INFINITE_RECURSION = YES;
				CLANG_WARN_INT_CONVERSION = YES;
				CLANG_WARN_NON_LITERAL_NULL_CONVERSION = YES;
				CLANG_WARN_OBJC_IMPLICIT_RETAIN_SELF = YES;
				CLANG_WARN_OBJC_LITERAL_CONVERSION = YES;
				CLANG_WARN_OBJC_ROOT_CLASS = YES_ERROR;
				CLANG_WARN_QUOTED_INCLUDE_IN_FRAMEWORK_HEADER = YES;
				CLANG_WARN_RANGE_LOOP_ANALYSIS = YES;
				CLANG_WARN_STRICT_PROTOTYPES = YES;
				CLANG_WARN_SUSPICIOUS_MOVE = YES;
				CLANG_WARN_UNGUARDED_AVAILABILITY = YES_AGGRESSIVE;
				CLANG_WARN_UNREACHABLE_CODE = YES;
				CLANG_WARN__DUPLICATE_METHOD_MATCH = YES;
				COPY_PHASE_STRIP = NO;
				DEBUG_INFORMATION_FORMAT = "dwarf-with-dsym";
				ENABLE_NS_ASSERTIONS = NO;
				ENABLE_STRICT_OBJC_MSGSEND = YES;
				ENABLE_USER_SCRIPT_SANDBOXING = YES;
				GCC_C_LANGUAGE_STANDARD = gnu17;
				GCC_NO_COMMON_BLOCKS = YES;
				GCC_WARN_64_TO_32_BIT_CONVERSION = YES;
				GCC_WARN_ABOUT_RETURN_TYPE = YES_ERROR;
				GCC_WARN_UNDECLARED_SELECTOR = YES;
				GCC_WARN_UNINITIALIZED_AUTOS = YES_AGGRESSIVE;
				GCC_WARN_UNUSED_FUNCTION = YES;
				GCC_WARN_UNUSED_VARIABLE = YES;
				IPHONEOS_DEPLOYMENT_TARGET = 17.2;
				LOCALIZATION_PREFERS_STRING_CATALOGS = YES;
				MTL_ENABLE_DEBUG_INFO = NO;
				MTL_FAST_MATH = YES;
				SDKROOT = iphoneos;
				SWIFT_COMPILATION_MODE = wholemodule;
				VALIDATE_PRODUCT = YES;
			};
			name = Release;
		};
		9728D3852B54F83700D44633 /* Debug */ = {
			isa = XCBuildConfiguration;
			buildSettings = {
				ASSETCATALOG_COMPILER_APPICON_NAME = AppIcon;
				ASSETCATALOG_COMPILER_GLOBAL_ACCENT_COLOR_NAME = AccentColor;
				CODE_SIGN_STYLE = Automatic;
				CURRENT_PROJECT_VERSION = 1;
				DEVELOPMENT_ASSET_PATHS = "\"EnjoyMessager/Preview Content\"";
				DEVELOPMENT_TEAM = PQ42DZZXUS;
				ENABLE_PREVIEWS = YES;
				GENERATE_INFOPLIST_FILE = YES;
				INFOPLIST_KEY_UIApplicationSceneManifest_Generation = YES;
				INFOPLIST_KEY_UIApplicationSupportsIndirectInputEvents = YES;
				INFOPLIST_KEY_UILaunchScreen_Generation = YES;
				INFOPLIST_KEY_UISupportedInterfaceOrientations_iPad = "UIInterfaceOrientationPortrait UIInterfaceOrientationPortraitUpsideDown UIInterfaceOrientationLandscapeLeft UIInterfaceOrientationLandscapeRight";
				INFOPLIST_KEY_UISupportedInterfaceOrientations_iPhone = "UIInterfaceOrientationPortrait UIInterfaceOrientationLandscapeLeft UIInterfaceOrientationLandscapeRight";
				LD_RUNPATH_SEARCH_PATHS = (
					"$(inherited)",
					"@executable_path/Frameworks",
				);
				MARKETING_VERSION = 1.0;
				PRODUCT_BUNDLE_IDENTIFIER = kaito.EnjoyMessager;
				PRODUCT_NAME = "$(TARGET_NAME)";
				SWIFT_EMIT_LOC_STRINGS = YES;
				SWIFT_VERSION = 5.0;
				TARGETED_DEVICE_FAMILY = "1,2";
			};
			name = Debug;
		};
		9728D3862B54F83700D44633 /* Release */ = {
			isa = XCBuildConfiguration;
			buildSettings = {
				ASSETCATALOG_COMPILER_APPICON_NAME = AppIcon;
				ASSETCATALOG_COMPILER_GLOBAL_ACCENT_COLOR_NAME = AccentColor;
				CODE_SIGN_STYLE = Automatic;
				CURRENT_PROJECT_VERSION = 1;
				DEVELOPMENT_ASSET_PATHS = "\"EnjoyMessager/Preview Content\"";
				DEVELOPMENT_TEAM = PQ42DZZXUS;
				ENABLE_PREVIEWS = YES;
				GENERATE_INFOPLIST_FILE = YES;
				INFOPLIST_KEY_UIApplicationSceneManifest_Generation = YES;
				INFOPLIST_KEY_UIApplicationSupportsIndirectInputEvents = YES;
				INFOPLIST_KEY_UILaunchScreen_Generation = YES;
				INFOPLIST_KEY_UISupportedInterfaceOrientations_iPad = "UIInterfaceOrientationPortrait UIInterfaceOrientationPortraitUpsideDown UIInterfaceOrientationLandscapeLeft UIInterfaceOrientationLandscapeRight";
				INFOPLIST_KEY_UISupportedInterfaceOrientations_iPhone = "UIInterfaceOrientationPortrait UIInterfaceOrientationLandscapeLeft UIInterfaceOrientationLandscapeRight";
				LD_RUNPATH_SEARCH_PATHS = (
					"$(inherited)",
					"@executable_path/Frameworks",
				);
				MARKETING_VERSION = 1.0;
				PRODUCT_BUNDLE_IDENTIFIER = kaito.EnjoyMessager;
				PRODUCT_NAME = "$(TARGET_NAME)";
				SWIFT_EMIT_LOC_STRINGS = YES;
				SWIFT_VERSION = 5.0;
				TARGETED_DEVICE_FAMILY = "1,2";
			};
			name = Release;
		};
/* End XCBuildConfiguration section */

/* Begin XCConfigurationList section */
		9728D3712B54F83300D44633 /* Build configuration list for PBXProject "EnjoyMessager" */ = {
			isa = XCConfigurationList;
			buildConfigurations = (
				9728D3822B54F83700D44633 /* Debug */,
				9728D3832B54F83700D44633 /* Release */,
			);
			defaultConfigurationIsVisible = 0;
			defaultConfigurationName = Release;
		};
		9728D3842B54F83700D44633 /* Build configuration list for PBXNativeTarget "EnjoyMessager" */ = {
			isa = XCConfigurationList;
			buildConfigurations = (
				9728D3852B54F83700D44633 /* Debug */,
				9728D3862B54F83700D44633 /* Release */,
			);
			defaultConfigurationIsVisible = 0;
			defaultConfigurationName = Release;
		};
/* End XCConfigurationList section */

/* Begin XCRemoteSwiftPackageReference section */
		97E15B2D2B5507720077E4BC /* XCRemoteSwiftPackageReference "firebase-ios-sdk" */ = {
			isa = XCRemoteSwiftPackageReference;
			repositoryURL = "https://github.com/firebase/firebase-ios-sdk";
			requirement = {
				kind = upToNextMajorVersion;
				minimumVersion = 10.19.1;
			};
		};
/* End XCRemoteSwiftPackageReference section */

/* Begin XCSwiftPackageProductDependency section */
		97E15B2E2B5507720077E4BC /* FirebaseAnalytics */ = {
			isa = XCSwiftPackageProductDependency;
			package = 97E15B2D2B5507720077E4BC /* XCRemoteSwiftPackageReference "firebase-ios-sdk" */;
			productName = FirebaseAnalytics;
		};
		97E15B302B5507720077E4BC /* FirebaseAnalyticsOnDeviceConversion */ = {
			isa = XCSwiftPackageProductDependency;
			package = 97E15B2D2B5507720077E4BC /* XCRemoteSwiftPackageReference "firebase-ios-sdk" */;
			productName = FirebaseAnalyticsOnDeviceConversion;
		};
		97E15B322B5507720077E4BC /* FirebaseAnalyticsSwift */ = {
			isa = XCSwiftPackageProductDependency;
			package = 97E15B2D2B5507720077E4BC /* XCRemoteSwiftPackageReference "firebase-ios-sdk" */;
			productName = FirebaseAnalyticsSwift;
		};
		97E15B342B5507720077E4BC /* FirebaseAnalyticsWithoutAdIdSupport */ = {
			isa = XCSwiftPackageProductDependency;
			package = 97E15B2D2B5507720077E4BC /* XCRemoteSwiftPackageReference "firebase-ios-sdk" */;
			productName = FirebaseAnalyticsWithoutAdIdSupport;
		};
		97E15B362B5507720077E4BC /* FirebaseAppCheck */ = {
			isa = XCSwiftPackageProductDependency;
			package = 97E15B2D2B5507720077E4BC /* XCRemoteSwiftPackageReference "firebase-ios-sdk" */;
			productName = FirebaseAppCheck;
		};
		97E15B3C2B5542DB0077E4BC /* FirebaseAnalytics */ = {
			isa = XCSwiftPackageProductDependency;
			package = 97E15B2D2B5507720077E4BC /* XCRemoteSwiftPackageReference "firebase-ios-sdk" */;
			productName = FirebaseAnalytics;
		};
		97E15B3E2B5542DB0077E4BC /* FirebaseAnalyticsOnDeviceConversion */ = {
			isa = XCSwiftPackageProductDependency;
			package = 97E15B2D2B5507720077E4BC /* XCRemoteSwiftPackageReference "firebase-ios-sdk" */;
			productName = FirebaseAnalyticsOnDeviceConversion;
		};
		97E15B402B5542DB0077E4BC /* FirebaseAnalyticsSwift */ = {
			isa = XCSwiftPackageProductDependency;
			package = 97E15B2D2B5507720077E4BC /* XCRemoteSwiftPackageReference "firebase-ios-sdk" */;
			productName = FirebaseAnalyticsSwift;
		};
		97E15B422B5542DB0077E4BC /* FirebaseAnalyticsWithoutAdIdSupport */ = {
			isa = XCSwiftPackageProductDependency;
			package = 97E15B2D2B5507720077E4BC /* XCRemoteSwiftPackageReference "firebase-ios-sdk" */;
			productName = FirebaseAnalyticsWithoutAdIdSupport;
		};
		97E15B442B5542DB0077E4BC /* FirebaseAppCheck */ = {
			isa = XCSwiftPackageProductDependency;
			package = 97E15B2D2B5507720077E4BC /* XCRemoteSwiftPackageReference "firebase-ios-sdk" */;
			productName = FirebaseAppCheck;
		};
		97E15B462B5542DB0077E4BC /* FirebaseAppDistribution-Beta */ = {
			isa = XCSwiftPackageProductDependency;
			package = 97E15B2D2B5507720077E4BC /* XCRemoteSwiftPackageReference "firebase-ios-sdk" */;
			productName = "FirebaseAppDistribution-Beta";
		};
		97E15B482B5542DB0077E4BC /* FirebaseAuth */ = {
			isa = XCSwiftPackageProductDependency;
			package = 97E15B2D2B5507720077E4BC /* XCRemoteSwiftPackageReference "firebase-ios-sdk" */;
			productName = FirebaseAuth;
		};
		97E15B4A2B5542DB0077E4BC /* FirebaseAuthCombine-Community */ = {
			isa = XCSwiftPackageProductDependency;
			package = 97E15B2D2B5507720077E4BC /* XCRemoteSwiftPackageReference "firebase-ios-sdk" */;
			productName = "FirebaseAuthCombine-Community";
		};
		97E15B4C2B5542DB0077E4BC /* FirebaseCrashlytics */ = {
			isa = XCSwiftPackageProductDependency;
			package = 97E15B2D2B5507720077E4BC /* XCRemoteSwiftPackageReference "firebase-ios-sdk" */;
			productName = FirebaseCrashlytics;
		};
		97E15B4E2B5542DC0077E4BC /* FirebaseDatabase */ = {
			isa = XCSwiftPackageProductDependency;
			package = 97E15B2D2B5507720077E4BC /* XCRemoteSwiftPackageReference "firebase-ios-sdk" */;
			productName = FirebaseDatabase;
		};
		97E15B502B5542DC0077E4BC /* FirebaseDatabaseSwift */ = {
			isa = XCSwiftPackageProductDependency;
			package = 97E15B2D2B5507720077E4BC /* XCRemoteSwiftPackageReference "firebase-ios-sdk" */;
			productName = FirebaseDatabaseSwift;
		};
		97E15B522B5542DC0077E4BC /* FirebaseDynamicLinks */ = {
			isa = XCSwiftPackageProductDependency;
			package = 97E15B2D2B5507720077E4BC /* XCRemoteSwiftPackageReference "firebase-ios-sdk" */;
			productName = FirebaseDynamicLinks;
		};
		97E15B542B5542DC0077E4BC /* FirebaseFirestore */ = {
			isa = XCSwiftPackageProductDependency;
			package = 97E15B2D2B5507720077E4BC /* XCRemoteSwiftPackageReference "firebase-ios-sdk" */;
			productName = FirebaseFirestore;
		};
		97E15B562B5542DC0077E4BC /* FirebaseFirestoreCombine-Community */ = {
			isa = XCSwiftPackageProductDependency;
			package = 97E15B2D2B5507720077E4BC /* XCRemoteSwiftPackageReference "firebase-ios-sdk" */;
			productName = "FirebaseFirestoreCombine-Community";
		};
		97E15B582B5542DC0077E4BC /* FirebaseFirestoreSwift */ = {
			isa = XCSwiftPackageProductDependency;
			package = 97E15B2D2B5507720077E4BC /* XCRemoteSwiftPackageReference "firebase-ios-sdk" */;
			productName = FirebaseFirestoreSwift;
		};
		97E15B5A2B5542DC0077E4BC /* FirebaseFunctions */ = {
			isa = XCSwiftPackageProductDependency;
			package = 97E15B2D2B5507720077E4BC /* XCRemoteSwiftPackageReference "firebase-ios-sdk" */;
			productName = FirebaseFunctions;
		};
		97E15B5C2B5542DC0077E4BC /* FirebaseFunctionsCombine-Community */ = {
			isa = XCSwiftPackageProductDependency;
			package = 97E15B2D2B5507720077E4BC /* XCRemoteSwiftPackageReference "firebase-ios-sdk" */;
			productName = "FirebaseFunctionsCombine-Community";
		};
		97E15B5E2B5542DC0077E4BC /* FirebaseInAppMessaging-Beta */ = {
			isa = XCSwiftPackageProductDependency;
			package = 97E15B2D2B5507720077E4BC /* XCRemoteSwiftPackageReference "firebase-ios-sdk" */;
			productName = "FirebaseInAppMessaging-Beta";
		};
		97E15B602B5542DC0077E4BC /* FirebaseInAppMessagingSwift-Beta */ = {
			isa = XCSwiftPackageProductDependency;
			package = 97E15B2D2B5507720077E4BC /* XCRemoteSwiftPackageReference "firebase-ios-sdk" */;
			productName = "FirebaseInAppMessagingSwift-Beta";
		};
		97E15B622B5542DC0077E4BC /* FirebaseInstallations */ = {
			isa = XCSwiftPackageProductDependency;
			package = 97E15B2D2B5507720077E4BC /* XCRemoteSwiftPackageReference "firebase-ios-sdk" */;
			productName = FirebaseInstallations;
		};
		97E15B642B5542DC0077E4BC /* FirebaseMLModelDownloader */ = {
			isa = XCSwiftPackageProductDependency;
			package = 97E15B2D2B5507720077E4BC /* XCRemoteSwiftPackageReference "firebase-ios-sdk" */;
			productName = FirebaseMLModelDownloader;
		};
		97E15B662B5542DC0077E4BC /* FirebaseMessaging */ = {
			isa = XCSwiftPackageProductDependency;
			package = 97E15B2D2B5507720077E4BC /* XCRemoteSwiftPackageReference "firebase-ios-sdk" */;
			productName = FirebaseMessaging;
		};
		97E15B682B5542DC0077E4BC /* FirebasePerformance */ = {
			isa = XCSwiftPackageProductDependency;
			package = 97E15B2D2B5507720077E4BC /* XCRemoteSwiftPackageReference "firebase-ios-sdk" */;
			productName = FirebasePerformance;
		};
		97E15B6A2B5542DC0077E4BC /* FirebaseRemoteConfig */ = {
			isa = XCSwiftPackageProductDependency;
			package = 97E15B2D2B5507720077E4BC /* XCRemoteSwiftPackageReference "firebase-ios-sdk" */;
			productName = FirebaseRemoteConfig;
		};
		97E15B6C2B5542DC0077E4BC /* FirebaseRemoteConfigSwift */ = {
			isa = XCSwiftPackageProductDependency;
			package = 97E15B2D2B5507720077E4BC /* XCRemoteSwiftPackageReference "firebase-ios-sdk" */;
			productName = FirebaseRemoteConfigSwift;
		};
		97E15B6E2B5542DC0077E4BC /* FirebaseStorage */ = {
			isa = XCSwiftPackageProductDependency;
			package = 97E15B2D2B5507720077E4BC /* XCRemoteSwiftPackageReference "firebase-ios-sdk" */;
			productName = FirebaseStorage;
		};
		97E15B702B5542DC0077E4BC /* FirebaseStorageCombine-Community */ = {
			isa = XCSwiftPackageProductDependency;
			package = 97E15B2D2B5507720077E4BC /* XCRemoteSwiftPackageReference "firebase-ios-sdk" */;
			productName = "FirebaseStorageCombine-Community";
		};
/* End XCSwiftPackageProductDependency section */
	};
	rootObject = 9728D36E2B54F83300D44633 /* Project object */;
}
